
Microsoft Visual Studio Solution File, Format Version 12.00
# Visual Studio Version 17
VisualStudioVersion = 17.8.34322.80
MinimumVisualStudioVersion = 10.0.40219.1
Project("{FAE04EC0-301F-11D3-BF4B-00C04F79EFBC}") = "LajesCA", "LajesCA\LajesCA.csproj", "{3A046FC4-CD16-43D9-AC1A-96E1B59135DB}"
EndProject
Global
	GlobalSection(SolutionConfigurationPlatforms) = preSolution
		Debug|Any CPU = Debug|Any CPU
		Release|Any CPU = Release|Any CPU
	EndGlobalSection
	GlobalSection(ProjectConfigurationPlatforms) = postSolution
		{3A046FC4-CD16-43D9-AC1A-96E1B59135DB}.Debug|Any CPU.ActiveCfg = Debug|Any CPU
		{3A046FC4-CD16-43D9-AC1A-96E1B59135DB}.Debug|Any CPU.Build.0 = Debug|Any CPU
		{3A046FC4-CD16-43D9-AC1A-96E1B59135DB}.Release|Any CPU.ActiveCfg = Release|Any CPU
		{3A046FC4-CD16-43D9-AC1A-96E1B59135DB}.Release|Any CPU.Build.0 = Release|Any CPU
	EndGlobalSection
	GlobalSection(SolutionProperties) = preSolution
		HideSolutionNode = FALSE
	EndGlobalSection
	GlobalSection(ExtensibilityGlobals) = postSolution
		SolutionGuid = {1C1CD6C9-197B-45E2-BF16-ED7099BA75C2}
	EndGlobalSection
EndGlobal
